<?xml version="1.0" encoding="utf-8"?>
<Project ToolsVersion="4.0" xmlns="http://schemas.microsoft.com/developer/msbuild/2003">
  <ItemGroup>
    <Filter Include="Fichiers sources">
      <UniqueIdentifier>{4FC737F1-C7A5-4376-A066-2A32D752A2FF}</UniqueIdentifier>
      <Extensions>cpp;c;cc;cxx;def;odl;idl;hpj;bat;asm;asmx</Extensions>
    </Filter>
    <Filter Include="Fichiers d%27en-tête">
      <UniqueIdentifier>{93995380-89BD-4b04-88EB-625FBE52EBFB}</UniqueIdentifier>
      <Extensions>h;hh;hpp;hxx;hm;inl;inc;ipp;xsd</Extensions>
    </Filter>
    <Filter Include="Fichiers de ressources">
      <UniqueIdentifier>{67DA6AB6-F800-4c08-8B7A-83BB121AAD01}</UniqueIdentifier>
      <Extensions>rc;ico;cur;bmp;dlg;rc2;rct;bin;rgs;gif;jpg;jpeg;jpe;resx;tiff;tif;png;wav;mfcribbon-ms</Extensions>
    </Filter>
  </ItemGroup>
  <ItemGroup>
    <ClCompile Include="..\..\..\..\..\..\..\..\SPLC\JJTree\AST\rts\Boolean.cpp">
      <Filter>Fichiers sources</Filter>
    </ClCompile>
    <ClCompile Include="..\..\..\..\..\..\..\..\SPLC\JJTree\AST\rts\Integer.cpp">
      <Filter>Fichiers sources</Filter>
    </ClCompile>
    <ClCompile Include="..\..\..\..\..\..\..\..\SPLC\JJTree\AST\rts\Object.cpp">
      <Filter>Fichiers sources</Filter>
    </ClCompile>
    <ClCompile Include="..\..\..\..\..\..\..\..\SPLC\JJTree\AST\rts\Variable.cpp">
      <Filter>Fichiers sources</Filter>
    </ClCompile>
    <ClCompile Include="..\..\..\..\..\..\..\..\SPLC\JJTree\AST\jjt\ASTAddNode.cc">
      <Filter>Fichiers sources</Filter>
    </ClCompile>
    <ClCompile Include="..\..\..\..\..\..\..\..\SPLC\JJTree\AST\jjt\ASTAndNode.cc">
      <Filter>Fichiers sources</Filter>
    </ClCompile>
    <ClCompile Include="..\..\..\..\..\..\..\..\SPLC\JJTree\AST\jjt\ASTAssignment.cc">
      <Filter>Fichiers sources</Filter>
    </ClCompile>
    <ClCompile Include="..\..\..\..\..\..\..\..\SPLC\JJTree\AST\jjt\ASTBitwiseAndNode.cc">
      <Filter>Fichiers sources</Filter>
    </ClCompile>
    <ClCompile Include="..\..\..\..\..\..\..\..\SPLC\JJTree\AST\jjt\ASTBitwiseComplNode.cc">
      <Filter>Fichiers sources</Filter>
    </ClCompile>
    <ClCompile Include="..\..\..\..\..\..\..\..\SPLC\JJTree\AST\jjt\ASTBitwiseOrNode.cc">
      <Filter>Fichiers sources</Filter>
    </ClCompile>
    <ClCompile Include="..\..\..\..\..\..\..\..\SPLC\JJTree\AST\jjt\ASTBitwiseXorNode.cc">
      <Filter>Fichiers sources</Filter>
    </ClCompile>
    <ClCompile Include="..\..\..\..\..\..\..\..\SPLC\JJTree\AST\jjt\ASTBlock.cc">
      <Filter>Fichiers sources</Filter>
    </ClCompile>
    <ClCompile Include="..\..\..\..\..\..\..\..\SPLC\JJTree\AST\jjt\ASTCompilationUnit.cc">
      <Filter>Fichiers sources</Filter>
    </ClCompile>
    <ClCompile Include="..\..\..\..\..\..\..\..\SPLC\JJTree\AST\jjt\ASTDivNode.cc">
      <Filter>Fichiers sources</Filter>
    </ClCompile>
    <ClCompile Include="..\..\..\..\..\..\..\..\SPLC\JJTree\AST\jjt\ASTEQNode.cc">
      <Filter>Fichiers sources</Filter>
    </ClCompile>
    <ClCompile Include="..\..\..\..\..\..\..\..\SPLC\JJTree\AST\jjt\ASTFalseNode.cc">
      <Filter>Fichiers sources</Filter>
    </ClCompile>
    <ClCompile Include="..\..\..\..\..\..\..\..\SPLC\JJTree\AST\jjt\ASTGENode.cc">
      <Filter>Fichiers sources</Filter>
    </ClCompile>
    <ClCompile Include="..\..\..\..\..\..\..\..\SPLC\JJTree\AST\jjt\ASTGTNode.cc">
      <Filter>Fichiers sources</Filter>
    </ClCompile>
    <ClCompile Include="..\..\..\..\..\..\..\..\SPLC\JJTree\AST\jjt\ASTId.cc">
      <Filter>Fichiers sources</Filter>
    </ClCompile>
    <ClCompile Include="..\..\..\..\..\..\..\..\SPLC\JJTree\AST\jjt\ASTIfStatement.cc">
      <Filter>Fichiers sources</Filter>
    </ClCompile>
    <ClCompile Include="..\..\..\..\..\..\..\..\SPLC\JJTree\AST\jjt\ASTIntConstNode.cc">
      <Filter>Fichiers sources</Filter>
    </ClCompile>
    <ClCompile Include="..\..\..\..\..\..\..\..\SPLC\JJTree\AST\jjt\ASTLENode.cc">
      <Filter>Fichiers sources</Filter>
    </ClCompile>
    <ClCompile Include="..\..\..\..\..\..\..\..\SPLC\JJTree\AST\jjt\ASTLTNode.cc">
      <Filter>Fichiers sources</Filter>
    </ClCompile>
    <ClCompile Include="..\..\..\..\..\..\..\..\SPLC\JJTree\AST\jjt\ASTModNode.cc">
      <Filter>Fichiers sources</Filter>
    </ClCompile>
    <ClCompile Include="..\..\..\..\..\..\..\..\SPLC\JJTree\AST\jjt\ASTMulNode.cc">
      <Filter>Fichiers sources</Filter>
    </ClCompile>
    <ClCompile Include="..\..\..\..\..\..\..\..\SPLC\JJTree\AST\jjt\ASTNENode.cc">
      <Filter>Fichiers sources</Filter>
    </ClCompile>
    <ClCompile Include="..\..\..\..\..\..\..\..\SPLC\JJTree\AST\jjt\ASTNotNode.cc">
      <Filter>Fichiers sources</Filter>
    </ClCompile>
    <ClCompile Include="..\..\..\..\..\..\..\..\SPLC\JJTree\AST\jjt\ASTOrNode.cc">
      <Filter>Fichiers sources</Filter>
    </ClCompile>
    <ClCompile Include="..\..\..\..\..\..\..\..\SPLC\JJTree\AST\jjt\ASTReadStatement.cc">
      <Filter>Fichiers sources</Filter>
    </ClCompile>
    <ClCompile Include="..\..\..\..\..\..\..\..\SPLC\JJTree\AST\jjt\ASTStatementExpression.cc">
      <Filter>Fichiers sources</Filter>
    </ClCompile>
    <ClCompile Include="..\..\..\..\..\..\..\..\SPLC\JJTree\AST\jjt\ASTSubtractNode.cc">
      <Filter>Fichiers sources</Filter>
    </ClCompile>
    <ClCompile Include="..\..\..\..\..\..\..\..\SPLC\JJTree\AST\jjt\ASTTrueNode.cc">
      <Filter>Fichiers sources</Filter>
    </ClCompile>
    <ClCompile Include="..\..\..\..\..\..\..\..\SPLC\JJTree\AST\jjt\ASTVarDeclaration.cc">
      <Filter>Fichiers sources</Filter>
    </ClCompile>
    <ClCompile Include="..\..\..\..\..\..\..\..\SPLC\JJTree\AST\jjt\ASTWhileStatement.cc">
      <Filter>Fichiers sources</Filter>
    </ClCompile>
    <ClCompile Include="..\..\..\..\..\..\..\..\SPLC\JJTree\AST\jjt\ASTWriteStatement.cc">
      <Filter>Fichiers sources</Filter>
    </ClCompile>
    <ClCompile Include="..\..\..\..\..\..\..\..\SPLC\JJTree\AST\jjt\MyNode.cc">
      <Filter>Fichiers sources</Filter>
    </ClCompile>
    <ClCompile Include="..\..\..\..\..\..\..\..\SPLC\JJTree\AST\gen\CharStream.cc">
      <Filter>Fichiers sources</Filter>
    </ClCompile>
    <ClCompile Include="..\..\..\..\..\..\..\..\SPLC\JJTree\AST\gen\JJTSPLParserState.cc">
      <Filter>Fichiers sources</Filter>
    </ClCompile>
    <ClCompile Include="..\..\..\..\..\..\..\..\SPLC\JJTree\AST\gen\ParseException.cc">
      <Filter>Fichiers sources</Filter>
    </ClCompile>
    <ClCompile Include="..\..\..\..\..\..\..\..\SPLC\JJTree\AST\gen\SimpleNode.cc">
      <Filter>Fichiers sources</Filter>
    </ClCompile>
    <ClCompile Include="..\..\..\..\..\..\..\..\SPLC\JJTree\AST\gen\SPLParser.cc">
      <Filter>Fichiers sources</Filter>
    </ClCompile>
    <ClCompile Include="..\..\..\..\..\..\..\..\SPLC\JJTree\AST\gen\SPLParserTokenManager.cc">
      <Filter>Fichiers sources</Filter>
    </ClCompile>
    <ClCompile Include="..\..\..\..\..\..\..\..\SPLC\JJTree\AST\gen\Token.cc">
      <Filter>Fichiers sources</Filter>
    </ClCompile>
    <ClCompile Include="..\..\..\..\..\..\..\..\SPLC\JJTree\AST\gen\TokenMgrError.cc">
      <Filter>Fichiers sources</Filter>
    </ClCompile>
    <ClCompile Include="..\..\..\..\..\..\..\..\SPLC\JJTree\AST\SPLC.cpp">
      <Filter>Fichiers sources</Filter>
    </ClCompile>
  </ItemGroup>
  <ItemGroup>
    <ClInclude Include="..\..\..\..\..\..\..\..\SPLC\JJTree\AST\rts\Boolean.h">
      <Filter>Fichiers d%27en-tête</Filter>
    </ClInclude>
    <ClInclude Include="..\..\..\..\..\..\..\..\SPLC\JJTree\AST\rts\Integer.h">
      <Filter>Fichiers d%27en-tête</Filter>
    </ClInclude>
    <ClInclude Include="..\..\..\..\..\..\..\..\SPLC\JJTree\AST\rts\Object.h">
      <Filter>Fichiers d%27en-tête</Filter>
    </ClInclude>
    <ClInclude Include="..\..\..\..\..\..\..\..\SPLC\JJTree\AST\rts\Variable.h">
      <Filter>Fichiers d%27en-tête</Filter>
    </ClInclude>
    <ClInclude Include="..\..\..\..\..\..\..\..\SPLC\JJTree\AST\jjt\ASTAddNode.h">
      <Filter>Fichiers d%27en-tête</Filter>
    </ClInclude>
    <ClInclude Include="..\..\..\..\..\..\..\..\SPLC\JJTree\AST\jjt\ASTAndNode.h">
      <Filter>Fichiers d%27en-tête</Filter>
    </ClInclude>
    <ClInclude Include="..\..\..\..\..\..\..\..\SPLC\JJTree\AST\jjt\ASTAssignment.h">
      <Filter>Fichiers d%27en-tête</Filter>
    </ClInclude>
    <ClInclude Include="..\..\..\..\..\..\..\..\SPLC\JJTree\AST\jjt\ASTBitwiseAndNode.h">
      <Filter>Fichiers d%27en-tête</Filter>
    </ClInclude>
    <ClInclude Include="..\..\..\..\..\..\..\..\SPLC\JJTree\AST\jjt\ASTBitwiseComplNode.h">
      <Filter>Fichiers d%27en-tête</Filter>
    </ClInclude>
    <ClInclude Include="..\..\..\..\..\..\..\..\SPLC\JJTree\AST\jjt\ASTBitwiseOrNode.h">
      <Filter>Fichiers d%27en-tête</Filter>
    </ClInclude>
    <ClInclude Include="..\..\..\..\..\..\..\..\SPLC\JJTree\AST\jjt\ASTBitwiseXorNode.h">
      <Filter>Fichiers d%27en-tête</Filter>
    </ClInclude>
    <ClInclude Include="..\..\..\..\..\..\..\..\SPLC\JJTree\AST\jjt\ASTBlock.h">
      <Filter>Fichiers d%27en-tête</Filter>
    </ClInclude>
    <ClInclude Include="..\..\..\..\..\..\..\..\SPLC\JJTree\AST\jjt\ASTCompilationUnit.h">
      <Filter>Fichiers d%27en-tête</Filter>
    </ClInclude>
    <ClInclude Include="..\..\..\..\..\..\..\..\SPLC\JJTree\AST\jjt\ASTDivNode.h">
      <Filter>Fichiers d%27en-tête</Filter>
    </ClInclude>
    <ClInclude Include="..\..\..\..\..\..\..\..\SPLC\JJTree\AST\jjt\ASTEQNode.h">
      <Filter>Fichiers d%27en-tête</Filter>
    </ClInclude>
    <ClInclude Include="..\..\..\..\..\..\..\..\SPLC\JJTree\AST\jjt\ASTFalseNode.h">
      <Filter>Fichiers d%27en-tête</Filter>
    </ClInclude>
    <ClInclude Include="..\..\..\..\..\..\..\..\SPLC\JJTree\AST\jjt\ASTGENode.h">
      <Filter>Fichiers d%27en-tête</Filter>
    </ClInclude>
    <ClInclude Include="..\..\..\..\..\..\..\..\SPLC\JJTree\AST\jjt\ASTGTNode.h">
      <Filter>Fichiers d%27en-tête</Filter>
    </ClInclude>
    <ClInclude Include="..\..\..\..\..\..\..\..\SPLC\JJTree\AST\jjt\ASTId.h">
      <Filter>Fichiers d%27en-tête</Filter>
    </ClInclude>
    <ClInclude Include="..\..\..\..\..\..\..\..\SPLC\JJTree\AST\jjt\ASTIfStatement.h">
      <Filter>Fichiers d%27en-tête</Filter>
    </ClInclude>
    <ClInclude Include="..\..\..\..\..\..\..\..\SPLC\JJTree\AST\jjt\ASTIntConstNode.h">
      <Filter>Fichiers d%27en-tête</Filter>
    </ClInclude>
    <ClInclude Include="..\..\..\..\..\..\..\..\SPLC\JJTree\AST\jjt\ASTLENode.h">
      <Filter>Fichiers d%27en-tête</Filter>
    </ClInclude>
    <ClInclude Include="..\..\..\..\..\..\..\..\SPLC\JJTree\AST\jjt\ASTLTNode.h">
      <Filter>Fichiers d%27en-tête</Filter>
    </ClInclude>
    <ClInclude Include="..\..\..\..\..\..\..\..\SPLC\JJTree\AST\jjt\ASTModNode.h">
      <Filter>Fichiers d%27en-tête</Filter>
    </ClInclude>
    <ClInclude Include="..\..\..\..\..\..\..\..\SPLC\JJTree\AST\jjt\ASTMulNode.h">
      <Filter>Fichiers d%27en-tête</Filter>
    </ClInclude>
    <ClInclude Include="..\..\..\..\..\..\..\..\SPLC\JJTree\AST\jjt\ASTNENode.h">
      <Filter>Fichiers d%27en-tête</Filter>
    </ClInclude>
    <ClInclude Include="..\..\..\..\..\..\..\..\SPLC\JJTree\AST\jjt\ASTNotNode.h">
      <Filter>Fichiers d%27en-tête</Filter>
    </ClInclude>
    <ClInclude Include="..\..\..\..\..\..\..\..\SPLC\JJTree\AST\jjt\ASTOrNode.h">
      <Filter>Fichiers d%27en-tête</Filter>
    </ClInclude>
    <ClInclude Include="..\..\..\..\..\..\..\..\SPLC\JJTree\AST\jjt\ASTReadStatement.h">
      <Filter>Fichiers d%27en-tête</Filter>
    </ClInclude>
    <ClInclude Include="..\..\..\..\..\..\..\..\SPLC\JJTree\AST\jjt\ASTStatementExpression.h">
      <Filter>Fichiers d%27en-tête</Filter>
    </ClInclude>
    <ClInclude Include="..\..\..\..\..\..\..\..\SPLC\JJTree\AST\jjt\ASTSubtractNode.h">
      <Filter>Fichiers d%27en-tête</Filter>
    </ClInclude>
    <ClInclude Include="..\..\..\..\..\..\..\..\SPLC\JJTree\AST\jjt\ASTTrueNode.h">
      <Filter>Fichiers d%27en-tête</Filter>
    </ClInclude>
    <ClInclude Include="..\..\..\..\..\..\..\..\SPLC\JJTree\AST\jjt\ASTVarDeclaration.h">
      <Filter>Fichiers d%27en-tête</Filter>
    </ClInclude>
    <ClInclude Include="..\..\..\..\..\..\..\..\SPLC\JJTree\AST\jjt\ASTWhileStatement.h">
      <Filter>Fichiers d%27en-tête</Filter>
    </ClInclude>
    <ClInclude Include="..\..\..\..\..\..\..\..\SPLC\JJTree\AST\jjt\ASTWriteStatement.h">
      <Filter>Fichiers d%27en-tête</Filter>
    </ClInclude>
    <ClInclude Include="..\..\..\..\..\..\..\..\SPLC\JJTree\AST\jjt\MyNode.h">
      <Filter>Fichiers d%27en-tête</Filter>
    </ClInclude>
    <ClInclude Include="..\..\..\..\..\..\..\..\SPLC\JJTree\AST\jjt\Node.h">
      <Filter>Fichiers d%27en-tête</Filter>
    </ClInclude>
    <ClInclude Include="..\..\..\..\..\..\..\..\SPLC\JJTree\AST\gen\CharStream.h">
      <Filter>Fichiers d%27en-tête</Filter>
    </ClInclude>
    <ClInclude Include="..\..\..\..\..\..\..\..\SPLC\JJTree\AST\gen\ErrorHandler.h">
      <Filter>Fichiers d%27en-tête</Filter>
    </ClInclude>
    <ClInclude Include="..\..\..\..\..\..\..\..\SPLC\JJTree\AST\gen\JavaCC.h">
      <Filter>Fichiers d%27en-tête</Filter>
    </ClInclude>
    <ClInclude Include="..\..\..\..\..\..\..\..\SPLC\JJTree\AST\gen\JJTSPLParserState.h">
      <Filter>Fichiers d%27en-tête</Filter>
    </ClInclude>
    <ClInclude Include="..\..\..\..\..\..\..\..\SPLC\JJTree\AST\gen\ParseException.h">
      <Filter>Fichiers d%27en-tête</Filter>
    </ClInclude>
    <ClInclude Include="..\..\..\..\..\..\..\..\SPLC\JJTree\AST\gen\SimpleNode.h">
      <Filter>Fichiers d%27en-tête</Filter>
    </ClInclude>
    <ClInclude Include="..\..\..\..\..\..\..\..\SPLC\JJTree\AST\gen\SPLParser.h">
      <Filter>Fichiers d%27en-tête</Filter>
    </ClInclude>
    <ClInclude Include="..\..\..\..\..\..\..\..\SPLC\JJTree\AST\gen\SPLParserConstants.h">
      <Filter>Fichiers d%27en-tête</Filter>
    </ClInclude>
    <ClInclude Include="..\..\..\..\..\..\..\..\SPLC\JJTree\AST\gen\SPLParserTokenManager.h">
      <Filter>Fichiers d%27en-tête</Filter>
    </ClInclude>
    <ClInclude Include="..\..\..\..\..\..\..\..\SPLC\JJTree\AST\gen\SPLParserTree.h">
      <Filter>Fichiers d%27en-tête</Filter>
    </ClInclude>
    <ClInclude Include="..\..\..\..\..\..\..\..\SPLC\JJTree\AST\gen\SPLParserTreeConstants.h">
      <Filter>Fichiers d%27en-tête</Filter>
    </ClInclude>
    <ClInclude Include="..\..\..\..\..\..\..\..\SPLC\JJTree\AST\gen\Token.h">
      <Filter>Fichiers d%27en-tête</Filter>
    </ClInclude>
    <ClInclude Include="..\..\..\..\..\..\..\..\SPLC\JJTree\AST\gen\TokenManager.h">
      <Filter>Fichiers d%27en-tête</Filter>
    </ClInclude>
    <ClInclude Include="..\..\..\..\..\..\..\..\SPLC\JJTree\AST\gen\TokenMgrError.h">
      <Filter>Fichiers d%27en-tête</Filter>
    </ClInclude>
  </ItemGroup>
  <ItemGroup>
    <None Include="..\..\..\..\..\..\..\..\SPLC\JJTree\AST\jjt\SPL.jjt" />
    <None Include="..\..\..\..\..\..\..\..\SPLC\JJTree\AST\gen\SPL.jj" />
  </ItemGroup>
</Project>