
Microsoft Visual Studio Solution File, Format Version 12.00
# Visual Studio 15
VisualStudioVersion = 15.0.28307.271
MinimumVisualStudioVersion = 10.0.40219.1
Project("{8BC9CEB8-8B4A-11D0-8D11-00A0C91BC942}") = "VST", "VST\VST.vcxproj", "{6A5B7B24-D3CF-4409-8787-D3F278A5F6CE}"
EndProject
Project("{8BC9CEB8-8B4A-11D0-8D11-00A0C91BC942}") = "AST", "AST\AST.vcxproj", "{E240902B-8FD2-4819-88FB-7BC57572E719}"
EndProject
Global
	GlobalSection(SolutionConfigurationPlatforms) = preSolution
		Debug|x64 = Debug|x64
		Debug|x86 = Debug|x86
		Release|x64 = Release|x64
		Release|x86 = Release|x86
	EndGlobalSection
	GlobalSection(ProjectConfigurationPlatforms) = postSolution
		{6A5B7B24-D3CF-4409-8787-D3F278A5F6CE}.Debug|x64.ActiveCfg = Debug|x64
		{6A5B7B24-D3CF-4409-8787-D3F278A5F6CE}.Debug|x64.Build.0 = Debug|x64
		{6A5B7B24-D3CF-4409-8787-D3F278A5F6CE}.Debug|x86.ActiveCfg = Debug|Win32
		{6A5B7B24-D3CF-4409-8787-D3F278A5F6CE}.Debug|x86.Build.0 = Debug|Win32
		{6A5B7B24-D3CF-4409-8787-D3F278A5F6CE}.Release|x64.ActiveCfg = Release|x64
		{6A5B7B24-D3CF-4409-8787-D3F278A5F6CE}.Release|x64.Build.0 = Release|x64
		{6A5B7B24-D3CF-4409-8787-D3F278A5F6CE}.Release|x86.ActiveCfg = Release|Win32
		{6A5B7B24-D3CF-4409-8787-D3F278A5F6CE}.Release|x86.Build.0 = Release|Win32
		{E240902B-8FD2-4819-88FB-7BC57572E719}.Debug|x64.ActiveCfg = Debug|x64
		{E240902B-8FD2-4819-88FB-7BC57572E719}.Debug|x64.Build.0 = Debug|x64
		{E240902B-8FD2-4819-88FB-7BC57572E719}.Debug|x86.ActiveCfg = Debug|Win32
		{E240902B-8FD2-4819-88FB-7BC57572E719}.Debug|x86.Build.0 = Debug|Win32
		{E240902B-8FD2-4819-88FB-7BC57572E719}.Release|x64.ActiveCfg = Release|x64
		{E240902B-8FD2-4819-88FB-7BC57572E719}.Release|x64.Build.0 = Release|x64
		{E240902B-8FD2-4819-88FB-7BC57572E719}.Release|x86.ActiveCfg = Release|Win32
		{E240902B-8FD2-4819-88FB-7BC57572E719}.Release|x86.Build.0 = Release|Win32
	EndGlobalSection
	GlobalSection(SolutionProperties) = preSolution
		HideSolutionNode = FALSE
	EndGlobalSection
	GlobalSection(ExtensibilityGlobals) = postSolution
		SolutionGuid = {2E229782-E64F-4889-B80B-ECB4F38B96CE}
	EndGlobalSection
EndGlobal
